// !$*UTF8*$!
{
	archiveVersion = 1;
	classes = {
	};
	objectVersion = 55;
	objects = {

/* Begin PBXBuildFile section */
		41C26E2D2BF8780F00A2A6F7 /* Login.swift in Sources */ = {isa = PBXBuildFile; fileRef = 41C26E2C2BF8780F00A2A6F7 /* Login.swift */; };
		41F8F8972BF61C8F004D1E1E /* AppDelegate.swift in Sources */ = {isa = PBXBuildFile; fileRef = 41F8F8962BF61C8F004D1E1E /* AppDelegate.swift */; };
		41F8F8992BF61C8F004D1E1E /* SceneDelegate.swift in Sources */ = {isa = PBXBuildFile; fileRef = 41F8F8982BF61C8F004D1E1E /* SceneDelegate.swift */; };
		41F8F89B2BF61C8F004D1E1E /* ViewController.swift in Sources */ = {isa = PBXBuildFile; fileRef = 41F8F89A2BF61C8F004D1E1E /* ViewController.swift */; };
		41F8F89E2BF61C8F004D1E1E /* Base in Resources */ = {isa = PBXBuildFile; fileRef = 41F8F89D2BF61C8F004D1E1E /* Base */; };
		41F8F8A12BF61C8F004D1E1E /* SwiftLearn.xcdatamodeld in Sources */ = {isa = PBXBuildFile; fileRef = 41F8F89F2BF61C8F004D1E1E /* SwiftLearn.xcdatamodeld */; };
		41F8F8A32BF61C91004D1E1E /* Assets.xcassets in Resources */ = {isa = PBXBuildFile; fileRef = 41F8F8A22BF61C91004D1E1E /* Assets.xcassets */; };
		41F8F8A62BF61C91004D1E1E /* Base in Resources */ = {isa = PBXBuildFile; fileRef = 41F8F8A52BF61C91004D1E1E /* Base */; };
		41F8F8AF2BF70D55004D1E1E /* SnapKit in Frameworks */ = {isa = PBXBuildFile; productRef = 41F8F8AE2BF70D55004D1E1E /* SnapKit */; };
		652D24C72BF91E6000F8B669 /* MayTinh.swift in Sources */ = {isa = PBXBuildFile; fileRef = 652D24C62BF91E6000F8B669 /* MayTinh.swift */; };
		65CE50E92BF7B12700E9E9C3 /* firstViewController.swift in Sources */ = {isa = PBXBuildFile; fileRef = 65CE50E82BF7B12700E9E9C3 /* firstViewController.swift */; };
/* End PBXBuildFile section */

/* Begin PBXFileReference section */
		41C26E2C2BF8780F00A2A6F7 /* Login.swift */ = {isa = PBXFileReference; lastKnownFileType = sourcecode.swift; path = Login.swift; sourceTree = "<group>"; };
		41F8F8932BF61C8F004D1E1E /* SwiftLearn.app */ = {isa = PBXFileReference; explicitFileType = wrapper.application; includeInIndex = 0; path = SwiftLearn.app; sourceTree = BUILT_PRODUCTS_DIR; };
		41F8F8962BF61C8F004D1E1E /* AppDelegate.swift */ = {isa = PBXFileReference; lastKnownFileType = sourcecode.swift; path = AppDelegate.swift; sourceTree = "<group>"; };
		41F8F8982BF61C8F004D1E1E /* SceneDelegate.swift */ = {isa = PBXFileReference; lastKnownFileType = sourcecode.swift; path = SceneDelegate.swift; sourceTree = "<group>"; };
		41F8F89A2BF61C8F004D1E1E /* ViewController.swift */ = {isa = PBXFileReference; lastKnownFileType = sourcecode.swift; path = ViewController.swift; sourceTree = "<group>"; };
		41F8F89D2BF61C8F004D1E1E /* Base */ = {isa = PBXFileReference; lastKnownFileType = file.storyboard; name = Base; path = Base.lproj/Main.storyboard; sourceTree = "<group>"; };
		41F8F8A02BF61C8F004D1E1E /* SwiftLearn.xcdatamodel */ = {isa = PBXFileReference; lastKnownFileType = wrapper.xcdatamodel; path = SwiftLearn.xcdatamodel; sourceTree = "<group>"; };
		41F8F8A22BF61C91004D1E1E /* Assets.xcassets */ = {isa = PBXFileReference; lastKnownFileType = folder.assetcatalog; path = Assets.xcassets; sourceTree = "<group>"; };
		41F8F8A52BF61C91004D1E1E /* Base */ = {isa = PBXFileReference; lastKnownFileType = file.storyboard; name = Base; path = Base.lproj/LaunchScreen.storyboard; sourceTree = "<group>"; };
		41F8F8A72BF61C91004D1E1E /* Info.plist */ = {isa = PBXFileReference; lastKnownFileType = text.plist.xml; path = Info.plist; sourceTree = "<group>"; };
		652D24C62BF91E6000F8B669 /* MayTinh.swift */ = {isa = PBXFileReference; lastKnownFileType = sourcecode.swift; path = MayTinh.swift; sourceTree = "<group>"; };
		65CE50E82BF7B12700E9E9C3 /* firstViewController.swift */ = {isa = PBXFileReference; lastKnownFileType = sourcecode.swift; path = firstViewController.swift; sourceTree = "<group>"; };
/* End PBXFileReference section */

/* Begin PBXFrameworksBuildPhase section */
		41F8F8902BF61C8F004D1E1E /* Frameworks */ = {
			isa = PBXFrameworksBuildPhase;
			buildActionMask = 2147483647;
			files = (
				41F8F8AF2BF70D55004D1E1E /* SnapKit in Frameworks */,
			);
			runOnlyForDeploymentPostprocessing = 0;
		};
/* End PBXFrameworksBuildPhase section */

/* Begin PBXGroup section */
		41F8F88A2BF61C8F004D1E1E = {
			isa = PBXGroup;
			children = (
				41F8F8952BF61C8F004D1E1E /* SwiftLearn */,
				41F8F8942BF61C8F004D1E1E /* Products */,
			);
			sourceTree = "<group>";
		};
		41F8F8942BF61C8F004D1E1E /* Products */ = {
			isa = PBXGroup;
			children = (
				41F8F8932BF61C8F004D1E1E /* SwiftLearn.app */,
			);
			name = Products;
			sourceTree = "<group>";
		};
		41F8F8952BF61C8F004D1E1E /* SwiftLearn */ = {
			isa = PBXGroup;
			children = (
				41F8F8962BF61C8F004D1E1E /* AppDelegate.swift */,
				41F8F8982BF61C8F004D1E1E /* SceneDelegate.swift */,
				41F8F89A2BF61C8F004D1E1E /* ViewController.swift */,
				41F8F89C2BF61C8F004D1E1E /* Main.storyboard */,
				41C26E2C2BF8780F00A2A6F7 /* Login.swift */,
				652D24C62BF91E6000F8B669 /* MayTinh.swift */,
				41F8F8A22BF61C91004D1E1E /* Assets.xcassets */,
				41F8F8A42BF61C91004D1E1E /* LaunchScreen.storyboard */,
				41F8F8A72BF61C91004D1E1E /* Info.plist */,
				41F8F89F2BF61C8F004D1E1E /* SwiftLearn.xcdatamodeld */,
				65CE50E82BF7B12700E9E9C3 /* firstViewController.swift */,
			);
			path = SwiftLearn;
			sourceTree = "<group>";
		};
/* End PBXGroup section */

/* Begin PBXNativeTarget section */
		41F8F8922BF61C8F004D1E1E /* SwiftLearn */ = {
			isa = PBXNativeTarget;
			buildConfigurationList = 41F8F8AA2BF61C91004D1E1E /* Build configuration list for PBXNativeTarget "SwiftLearn" */;
			buildPhases = (
				41F8F88F2BF61C8F004D1E1E /* Sources */,
				41F8F8902BF61C8F004D1E1E /* Frameworks */,
				41F8F8912BF61C8F004D1E1E /* Resources */,
			);
			buildRules = (
			);
			dependencies = (
			);
			name = SwiftLearn;
			packageProductDependencies = (
				41F8F8AE2BF70D55004D1E1E /* SnapKit */,
			);
			productName = SwiftLearn;
			productReference = 41F8F8932BF61C8F004D1E1E /* SwiftLearn.app */;
			productType = "com.apple.product-type.application";
		};
/* End PBXNativeTarget section */

/* Begin PBXProject section */
		41F8F88B2BF61C8F004D1E1E /* Project object */ = {
			isa = PBXProject;
			attributes = {
				BuildIndependentTargetsInParallel = 1;
				LastSwiftUpdateCheck = 1530;
				LastUpgradeCheck = 1530;
				TargetAttributes = {
					41F8F8922BF61C8F004D1E1E = {
						CreatedOnToolsVersion = 15.3;
					};
				};
			};
			buildConfigurationList = 41F8F88E2BF61C8F004D1E1E /* Build configuration list for PBXProject "SwiftLearn" */;
			compatibilityVersion = "Xcode 13.0";
			developmentRegion = en;
			hasScannedForEncodings = 0;
			knownRegions = (
				en,
				Base,
			);
			mainGroup = 41F8F88A2BF61C8F004D1E1E;
			packageReferences = (
				41F8F8AD2BF70D55004D1E1E /* XCRemoteSwiftPackageReference "SnapKit" */,
			);
			productRefGroup = 41F8F8942BF61C8F004D1E1E /* Products */;
			projectDirPath = "";
			projectRoot = "";
			targets = (
				41F8F8922BF61C8F004D1E1E /* SwiftLearn */,
			);
		};
/* End PBXProject section */

/* Begin PBXResourcesBuildPhase section */
		41F8F8912BF61C8F004D1E1E /* Resources */ = {
			isa = PBXResourcesBuildPhase;
			buildActionMask = 2147483647;
			files = (
				41F8F8A32BF61C91004D1E1E /* Assets.xcassets in Resources */,
				41F8F8A62BF61C91004D1E1E /* Base in Resources */,
				41F8F89E2BF61C8F004D1E1E /* Base in Resources */,
			);
			runOnlyForDeploymentPostprocessing = 0;
		};
/* End PBXResourcesBuildPhase section */

/* Begin PBXSourcesBuildPhase section */
		41F8F88F2BF61C8F004D1E1E /* Sources */ = {
			isa = PBXSourcesBuildPhase;
			buildActionMask = 2147483647;
			files = (
				41F8F89B2BF61C8F004D1E1E /* ViewController.swift in Sources */,
				65CE50E92BF7B12700E9E9C3 /* firstViewController.swift in Sources */,
				652D24C72BF91E6000F8B669 /* MayTinh.swift in Sources */,
				41F8F8972BF61C8F004D1E1E /* AppDelegate.swift in Sources */,
				41C26E2D2BF8780F00A2A6F7 /* Login.swift in Sources */,
				41F8F8A12BF61C8F004D1E1E /* SwiftLearn.xcdatamodeld in Sources */,
				41F8F8992BF61C8F004D1E1E /* SceneDelegate.swift in Sources */,
			);
			runOnlyForDeploymentPostprocessing = 0;
		};
/* End PBXSourcesBuildPhase section */

/* Begin PBXVariantGroup section */
		41F8F89C2BF61C8F004D1E1E /* Main.storyboard */ = {
			isa = PBXVariantGroup;
			children = (
				41F8F89D2BF61C8F004D1E1E /* Base */,
			);
			name = Main.storyboard;
			sourceTree = "<group>";
		};
		41F8F8A42BF61C91004D1E1E /* LaunchScreen.storyboard */ = {
			isa = PBXVariantGroup;
			children = (
				41F8F8A52BF61C91004D1E1E /* Base */,
			);
			name = LaunchScreen.storyboard;
			sourceTree = "<group>";
		};
/* End PBXVariantGroup section */

/* Begin XCBuildConfiguration section */
		41F8F8A82BF61C91004D1E1E /* Debug */ = {
			isa = XCBuildConfiguration;
			buildSettings = {
				ALWAYS_SEARCH_USER_PATHS = NO;
				ASSETCATALOG_COMPILER_GENERATE_SWIFT_ASSET_SYMBOL_EXTENSIONS = YES;
				CLANG_ANALYZER_NONNULL = YES;
				CLANG_ANALYZER_NUMBER_OBJECT_CONVERSION = YES_AGGRESSIVE;
				CLANG_CXX_LANGUAGE_STANDARD = "gnu++20";
				CLANG_ENABLE_MODULES = YES;
				CLANG_ENABLE_OBJC_ARC = YES;
				CLANG_ENABLE_OBJC_WEAK = YES;
				CLANG_WARN_BLOCK_CAPTURE_AUTORELEASING = YES;
				CLANG_WARN_BOOL_CONVERSION = YES;
				CLANG_WARN_COMMA = YES;
				CLANG_WARN_CONSTANT_CONVERSION = YES;
				CLANG_WARN_DEPRECATED_OBJC_IMPLEMENTATIONS = YES;
				CLANG_WARN_DIRECT_OBJC_ISA_USAGE = YES_ERROR;
				CLANG_WARN_DOCUMENTATION_COMMENTS = YES;
				CLANG_WARN_EMPTY_BODY = YES;
				CLANG_WARN_ENUM_CONVERSION = YES;
				CLANG_WARN_INFINITE_RECURSION = YES;
				CLANG_WARN_INT_CONVERSION = YES;
				CLANG_WARN_NON_LITERAL_NULL_CONVERSION = YES;
				CLANG_WARN_OBJC_IMPLICIT_RETAIN_SELF = YES;
				CLANG_WARN_OBJC_LITERAL_CONVERSION = YES;
				CLANG_WARN_OBJC_ROOT_CLASS = YES_ERROR;
				CLANG_WARN_QUOTED_INCLUDE_IN_FRAMEWORK_HEADER = YES;
				CLANG_WARN_RANGE_LOOP_ANALYSIS = YES;
				CLANG_WARN_STRICT_PROTOTYPES = YES;
				CLANG_WARN_SUSPICIOUS_MOVE = YES;
				CLANG_WARN_UNGUARDED_AVAILABILITY = YES_AGGRESSIVE;
				CLANG_WARN_UNREACHABLE_CODE = YES;
				CLANG_WARN__DUPLICATE_METHOD_MATCH = YES;
				COPY_PHASE_STRIP = NO;
				DEBUG_INFORMATION_FORMAT = dwarf;
				ENABLE_STRICT_OBJC_MSGSEND = YES;
				ENABLE_TESTABILITY = YES;
				ENABLE_USER_SCRIPT_SANDBOXING = YES;
				GCC_C_LANGUAGE_STANDARD = gnu17;
				GCC_DYNAMIC_NO_PIC = NO;
				GCC_NO_COMMON_BLOCKS = YES;
				GCC_OPTIMIZATION_LEVEL = 0;
				GCC_PREPROCESSOR_DEFINITIONS = (
					"DEBUG=1",
					"$(inherited)",
				);
				GCC_WARN_64_TO_32_BIT_CONVERSION = YES;
				GCC_WARN_ABOUT_RETURN_TYPE = YES_ERROR;
				GCC_WARN_UNDECLARED_SELECTOR = YES;
				GCC_WARN_UNINITIALIZED_AUTOS = YES_AGGRESSIVE;
				GCC_WARN_UNUSED_FUNCTION = YES;
				GCC_WARN_UNUSED_VARIABLE = YES;
				IPHONEOS_DEPLOYMENT_TARGET = 17.4;
				LOCALIZATION_PREFERS_STRING_CATALOGS = YES;
				MTL_ENABLE_DEBUG_INFO = INCLUDE_SOURCE;
				MTL_FAST_MATH = YES;
				ONLY_ACTIVE_ARCH = YES;
				SDKROOT = iphoneos;
				SWIFT_ACTIVE_COMPILATION_CONDITIONS = "DEBUG $(inherited)";
				SWIFT_OPTIMIZATION_LEVEL = "-Onone";
			};
			name = Debug;
		};
		41F8F8A92BF61C91004D1E1E /* Release */ = {
			isa = XCBuildConfiguration;
			buildSettings = {
				ALWAYS_SEARCH_USER_PATHS = NO;
				ASSETCATALOG_COMPILER_GENERATE_SWIFT_ASSET_SYMBOL_EXTENSIONS = YES;
				CLANG_ANALYZER_NONNULL = YES;
				CLANG_ANALYZER_NUMBER_OBJECT_CONVERSION = YES_AGGRESSIVE;
				CLANG_CXX_LANGUAGE_STANDARD = "gnu++20";
				CLANG_ENABLE_MODULES = YES;
				CLANG_ENABLE_OBJC_ARC = YES;
				CLANG_ENABLE_OBJC_WEAK = YES;
				CLANG_WARN_BLOCK_CAPTURE_AUTORELEASING = YES;
				CLANG_WARN_BOOL_CONVERSION = YES;
				CLANG_WARN_COMMA = YES;
				CLANG_WARN_CONSTANT_CONVERSION = YES;
				CLANG_WARN_DEPRECATED_OBJC_IMPLEMENTATIONS = YES;
				CLANG_WARN_DIRECT_OBJC_ISA_USAGE = YES_ERROR;
				CLANG_WARN_DOCUMENTATION_COMMENTS = YES;
				CLANG_WARN_EMPTY_BODY = YES;
				CLANG_WARN_ENUM_CONVERSION = YES;
				CLANG_WARN_INFINITE_RECURSION = YES;
				CLANG_WARN_INT_CONVERSION = YES;
				CLANG_WARN_NON_LITERAL_NULL_CONVERSION = YES;
				CLANG_WARN_OBJC_IMPLICIT_RETAIN_SELF = YES;
				CLANG_WARN_OBJC_LITERAL_CONVERSION = YES;
				CLANG_WARN_OBJC_ROOT_CLASS = YES_ERROR;
				CLANG_WARN_QUOTED_INCLUDE_IN_FRAMEWORK_HEADER = YES;
				CLANG_WARN_RANGE_LOOP_ANALYSIS = YES;
				CLANG_WARN_STRICT_PROTOTYPES = YES;
				CLANG_WARN_SUSPICIOUS_MOVE = YES;
				CLANG_WARN_UNGUARDED_AVAILABILITY = YES_AGGRESSIVE;
				CLANG_WARN_UNREACHABLE_CODE = YES;
				CLANG_WARN__DUPLICATE_METHOD_MATCH = YES;
				COPY_PHASE_STRIP = NO;
				DEBUG_INFORMATION_FORMAT = "dwarf-with-dsym";
				ENABLE_NS_ASSERTIONS = NO;
				ENABLE_STRICT_OBJC_MSGSEND = YES;
				ENABLE_USER_SCRIPT_SANDBOXING = YES;
				GCC_C_LANGUAGE_STANDARD = gnu17;
				GCC_NO_COMMON_BLOCKS = YES;
				GCC_WARN_64_TO_32_BIT_CONVERSION = YES;
				GCC_WARN_ABOUT_RETURN_TYPE = YES_ERROR;
				GCC_WARN_UNDECLARED_SELECTOR = YES;
				GCC_WARN_UNINITIALIZED_AUTOS = YES_AGGRESSIVE;
				GCC_WARN_UNUSED_FUNCTION = YES;
				GCC_WARN_UNUSED_VARIABLE = YES;
				IPHONEOS_DEPLOYMENT_TARGET = 17.4;
				LOCALIZATION_PREFERS_STRING_CATALOGS = YES;
				MTL_ENABLE_DEBUG_INFO = NO;
				MTL_FAST_MATH = YES;
				SDKROOT = iphoneos;
				SWIFT_COMPILATION_MODE = wholemodule;
				VALIDATE_PRODUCT = YES;
			};
			name = Release;
		};
		41F8F8AB2BF61C91004D1E1E /* Debug */ = {
			isa = XCBuildConfiguration;
			buildSettings = {
				ASSETCATALOG_COMPILER_APPICON_NAME = AppIcon;
				ASSETCATALOG_COMPILER_GLOBAL_ACCENT_COLOR_NAME = AccentColor;
				CODE_SIGN_STYLE = Automatic;
				CURRENT_PROJECT_VERSION = 1;
				GENERATE_INFOPLIST_FILE = YES;
				INFOPLIST_FILE = SwiftLearn/Info.plist;
				INFOPLIST_KEY_UIApplicationSupportsIndirectInputEvents = YES;
				INFOPLIST_KEY_UILaunchStoryboardName = LaunchScreen;
				INFOPLIST_KEY_UIMainStoryboardFile = Main;
				INFOPLIST_KEY_UISupportedInterfaceOrientations_iPad = "UIInterfaceOrientationPortrait UIInterfaceOrientationPortraitUpsideDown UIInterfaceOrientationLandscapeLeft UIInterfaceOrientationLandscapeRight";
				INFOPLIST_KEY_UISupportedInterfaceOrientations_iPhone = "UIInterfaceOrientationPortrait UIInterfaceOrientationLandscapeLeft UIInterfaceOrientationLandscapeRight";
				LD_RUNPATH_SEARCH_PATHS = (
					"$(inherited)",
					"@executable_path/Frameworks",
				);
				MARKETING_VERSION = 1.0;
				PRODUCT_BUNDLE_IDENTIFIER = com.jpapexpredators.long.SwiftLearn;
				PRODUCT_NAME = "$(TARGET_NAME)";
				SWIFT_EMIT_LOC_STRINGS = YES;
				SWIFT_VERSION = 5.0;
				TARGETED_DEVICE_FAMILY = "1,2";
			};
			name = Debug;
		};
		41F8F8AC2BF61C91004D1E1E /* Release */ = {
			isa = XCBuildConfiguration;
			buildSettings = {
				ASSETCATALOG_COMPILER_APPICON_NAME = AppIcon;
				ASSETCATALOG_COMPILER_GLOBAL_ACCENT_COLOR_NAME = AccentColor;
				CODE_SIGN_STYLE = Automatic;
				CURRENT_PROJECT_VERSION = 1;
				GENERATE_INFOPLIST_FILE = YES;
				INFOPLIST_FILE = SwiftLearn/Info.plist;
				INFOPLIST_KEY_UIApplicationSupportsIndirectInputEvents = YES;
				INFOPLIST_KEY_UILaunchStoryboardName = LaunchScreen;
				INFOPLIST_KEY_UIMainStoryboardFile = Main;
				INFOPLIST_KEY_UISupportedInterfaceOrientations_iPad = "UIInterfaceOrientationPortrait UIInterfaceOrientationPortraitUpsideDown UIInterfaceOrientationLandscapeLeft UIInterfaceOrientationLandscapeRight";
				INFOPLIST_KEY_UISupportedInterfaceOrientations_iPhone = "UIInterfaceOrientationPortrait UIInterfaceOrientationLandscapeLeft UIInterfaceOrientationLandscapeRight";
				LD_RUNPATH_SEARCH_PATHS = (
					"$(inherited)",
					"@executable_path/Frameworks",
				);
				MARKETING_VERSION = 1.0;
				PRODUCT_BUNDLE_IDENTIFIER = com.jpapexpredators.long.SwiftLearn;
				PRODUCT_NAME = "$(TARGET_NAME)";
				SWIFT_EMIT_LOC_STRINGS = YES;
				SWIFT_VERSION = 5.0;
				TARGETED_DEVICE_FAMILY = "1,2";
			};
			name = Release;
		};
/* End XCBuildConfiguration section */

/* Begin XCConfigurationList section */
		41F8F88E2BF61C8F004D1E1E /* Build configuration list for PBXProject "SwiftLearn" */ = {
			isa = XCConfigurationList;
			buildConfigurations = (
				41F8F8A82BF61C91004D1E1E /* Debug */,
				41F8F8A92BF61C91004D1E1E /* Release */,
			);
			defaultConfigurationIsVisible = 0;
			defaultConfigurationName = Release;
		};
		41F8F8AA2BF61C91004D1E1E /* Build configuration list for PBXNativeTarget "SwiftLearn" */ = {
			isa = XCConfigurationList;
			buildConfigurations = (
				41F8F8AB2BF61C91004D1E1E /* Debug */,
				41F8F8AC2BF61C91004D1E1E /* Release */,
			);
			defaultConfigurationIsVisible = 0;
			defaultConfigurationName = Release;
		};
/* End XCConfigurationList section */

/* Begin XCRemoteSwiftPackageReference section */
		41F8F8AD2BF70D55004D1E1E /* XCRemoteSwiftPackageReference "SnapKit" */ = {
			isa = XCRemoteSwiftPackageReference;
			repositoryURL = "https://github.com/SnapKit/SnapKit.git";
			requirement = {
				kind = upToNextMajorVersion;
				minimumVersion = 5.0.1;
			};
		};
/* End XCRemoteSwiftPackageReference section */

/* Begin XCSwiftPackageProductDependency section */
		41F8F8AE2BF70D55004D1E1E /* SnapKit */ = {
			isa = XCSwiftPackageProductDependency;
			package = 41F8F8AD2BF70D55004D1E1E /* XCRemoteSwiftPackageReference "SnapKit" */;
			productName = SnapKit;
		};
/* End XCSwiftPackageProductDependency section */

/* Begin XCVersionGroup section */
		41F8F89F2BF61C8F004D1E1E /* SwiftLearn.xcdatamodeld */ = {
			isa = XCVersionGroup;
			children = (
				41F8F8A02BF61C8F004D1E1E /* SwiftLearn.xcdatamodel */,
			);
			currentVersion = 41F8F8A02BF61C8F004D1E1E /* SwiftLearn.xcdatamodel */;
			path = SwiftLearn.xcdatamodeld;
			sourceTree = "<group>";
			versionGroupType = wrapper.xcdatamodel;
		};
/* End XCVersionGroup section */
	};
	rootObject = 41F8F88B2BF61C8F004D1E1E /* Project object */;
}
